
Microsoft Visual Studio Solution File, Format Version 12.00
# Visual Studio Version 16
VisualStudioVersion = 16.0.31025.194
MinimumVisualStudioVersion = 10.0.40219.1
Project("{FAE04EC0-301F-11D3-BF4B-00C04F79EFBC}") = "PU4-MKP-Rational-Bezier", "PU4-MKP-Rational-Bezier.csproj", "{601C3E7D-F701-4822-9843-ACA0B14635A3}"
EndProject
Global
	GlobalSection(SolutionConfigurationPlatforms) = preSolution
		Debug|Any CPU = Debug|Any CPU
		Release|Any CPU = Release|Any CPU
	EndGlobalSection
	GlobalSection(ProjectConfigurationPlatforms) = postSolution
		{601C3E7D-F701-4822-9843-ACA0B14635A3}.Debug|Any CPU.ActiveCfg = Debug|Any CPU
		{601C3E7D-F701-4822-9843-ACA0B14635A3}.Debug|Any CPU.Build.0 = Debug|Any CPU
		{601C3E7D-F701-4822-9843-ACA0B14635A3}.Release|Any CPU.ActiveCfg = Release|Any CPU
		{601C3E7D-F701-4822-9843-ACA0B14635A3}.Release|Any CPU.Build.0 = Release|Any CPU
	EndGlobalSection
	GlobalSection(SolutionProperties) = preSolution
		HideSolutionNode = FALSE
	EndGlobalSection
	GlobalSection(ExtensibilityGlobals) = postSolution
		SolutionGuid = {434F039C-67D2-4447-944C-DF8D30E64355}
	EndGlobalSection
EndGlobal
